
Microsoft Visual Studio Solution File, Format Version 12.00
# Visual Studio Version 16
VisualStudioVersion = 16.0.30907.101
MinimumVisualStudioVersion = 10.0.40219.1
Project("{FAE04EC0-301F-11D3-BF4B-00C04F79EFBC}") = "FilmCollection", "FilmCollection.csproj", "{64E66A2B-B848-4D4E-859A-A168287C1F45}"
EndProject
Global
	GlobalSection(SolutionConfigurationPlatforms) = preSolution
		Debug|Any CPU = Debug|Any CPU
		Release|Any CPU = Release|Any CPU
	EndGlobalSection
	GlobalSection(ProjectConfigurationPlatforms) = postSolution
		{64E66A2B-B848-4D4E-859A-A168287C1F45}.Debug|Any CPU.ActiveCfg = Debug|Any CPU
		{64E66A2B-B848-4D4E-859A-A168287C1F45}.Debug|Any CPU.Build.0 = Debug|Any CPU
		{64E66A2B-B848-4D4E-859A-A168287C1F45}.Release|Any CPU.ActiveCfg = Release|Any CPU
		{64E66A2B-B848-4D4E-859A-A168287C1F45}.Release|Any CPU.Build.0 = Release|Any CPU
	EndGlobalSection
	GlobalSection(SolutionProperties) = preSolution
		HideSolutionNode = FALSE
	EndGlobalSection
	GlobalSection(ExtensibilityGlobals) = postSolution
		SolutionGuid = {30959D9C-28EA-4ADC-9988-514377F884D7}
	EndGlobalSection
EndGlobal
